{
  "application": "0.1.0",
  "ir_schema": "1",
  "node": "v24.19.0",
  "python": "Python 3.13.5",
  "npm_dependencies": {
    "@modelcontextprotocol/sdk": "1.30.0",
    "decimal.js": "10.6.0",
    "express": "5.2.1",
    "jose": "6.2.12",
    "three": "0.186.0",
    "zod": "4.6.4"
  },
  "native_requirements": [
    "cadquery-ocp==7.9.3.1.1",
    "cadquery-ocp-proxy==7.9.3.1.1",
    "contourpy==1.4.0",
    "cycler==0.12.1",
    "fonttools==4.65.0",
    "kiwisolver==1.5.1",
    "matplotlib==3.11.2",
    "numpy==2.4.3",
    "packaging==26.3",
    "pillow==12.3.0",
    "pyparsing==3.3.2",
    "python-dateutil==2.9.0.post0",
    "six==1.17.0",
    "vtk==9.6.2"
  ],
  "locks": {
    "package-lock.json": "42ac7c8e0c28094040be14bd3a1fad16da311191e7ec38af972126751dde5fe1",
    "requirements.lock": "c20b39880f1fbd58c9c2165797ec29e26d6c0b9472942afc919a0ab1e8e64cb2"
  }
}
