{
  "application": "0.1.0",
  "ir_schema": "1",
  "node": "v24.19.0",
  "python": "Python 3.13.5",
  "npm_dependencies": {
    "@modelcontextprotocol/sdk": "1.30.0",
    "decimal.js": "10.6.0",
    "express": "5.2.1",
    "jose": "6.2.12",
    "three": "0.186.0",
    "zod": "4.6.4"
  },
  "npm_dev_dependencies": {
    "@playwright/test": "1.63.0",
    "@types/express": "5.0.6",
    "@types/node": "26.5.1",
    "@types/three": "0.186.0",
    "esbuild": "0.28.2",
    "fast-check": "4.10.0",
    "prettier": "3.9.6",
    "tsx": "4.23.13",
    "typescript": "7.0.2"
  },
  "native_requirements": [
    "cadquery-ocp==7.9.3.1.1",
    "cadquery-ocp-proxy==7.9.3.1.1",
    "contourpy==1.4.0",
    "cycler==0.12.1",
    "fonttools==4.65.0",
    "kiwisolver==1.5.1",
    "matplotlib==3.11.2",
    "numpy==2.4.3",
    "packaging==26.3",
    "pillow==12.3.0",
    "pyparsing==3.3.2",
    "python-dateutil==2.9.0.post0",
    "six==1.17.0",
    "scipy==1.18.1",
    "vtk==9.6.2"
  ],
  "distribution_packages": {
    "python3-openvdb": "10.0.1-2.3+b1",
    "libopenvdb10.0t64": "10.0.1-2.3+b1",
    "libcgal-dev": "6.0.1-1",
    "libgmp-dev": "2:6.3.0+dfsg-3",
    "libgmp10": "2:6.3.0+dfsg-3",
    "libmpfr-dev": "4.2.2-1",
    "libmpfr6": "4.2.2-1",
    "libboost1.83-dev": "1.83.0-4.2",
    "g++-14": "14.2.0-19"
  },
  "ci_container": "debian:13-slim@sha256:d7e12182ce18b85b93007c1dedf31f2d29e01ccf3182cc4017c709b6259bc132",
  "locks": {
    "package-lock.json": "42ac7c8e0c28094040be14bd3a1fad16da311191e7ec38af972126751dde5fe1",
    "requirements.lock": "196c2b596526a78afbfd0159d1763b48c51294cb8a5ef3e32cf1cad6095b05a4",
    "deployment/native-packages.json": "88c5c5f97b71fa32a8eec6b46aa867ef3f10e10a6f4c9e8b80415bf094ad68de"
  }
}
